// !$*UTF8*$!
{
	archiveVersion = 1;
	classes = {
	};
	objectVersion = 50;
	objects = {

/* Begin PBXBuildFile section */
		A517B81F23093B7C00897145 /* libDataCpp-macOS.a in Frameworks */ = {isa = PBXBuildFile; fileRef = A53E4EB223063BFC000BB7D8 /* libDataCpp-macOS.a */; };
		A53E4EB623063C20000BB7D8 /* Common.hpp in Headers */ = {isa = PBXBuildFile; fileRef = A53E4E6623048C5B000BB7D8 /* Common.hpp */; };
		A53E4EB723063C20000BB7D8 /* BasicStringUtils.hpp in Headers */ = {isa = PBXBuildFile; fileRef = A53E4E6B2304B3A3000BB7D8 /* BasicStringUtils.hpp */; };
		A53E4EB823063C20000BB7D8 /* BasicString.hpp in Headers */ = {isa = PBXBuildFile; fileRef = A53E4E4823048758000BB7D8 /* BasicString.hpp */; };
		A53E4EB923063C20000BB7D8 /* String.hpp in Headers */ = {isa = PBXBuildFile; fileRef = A53E4E472304874A000BB7D8 /* String.hpp */; };
		A53E4EBA23063C24000BB7D8 /* Error.hpp in Headers */ = {isa = PBXBuildFile; fileRef = A53E4E6A23048DE5000BB7D8 /* Error.hpp */; };
		A53E4EC923064126000BB7D8 /* main.cpp in Sources */ = {isa = PBXBuildFile; fileRef = A53E4EBC230640CD000BB7D8 /* main.cpp */; };
		A564E02E230934A10018787F /* Error.cpp in Sources */ = {isa = PBXBuildFile; fileRef = A564E02D230934A10018787F /* Error.cpp */; };
		A564E037230935B30018787F /* data.hpp in Headers */ = {isa = PBXBuildFile; fileRef = A564E01923091D590018787F /* data.hpp */; };
		A564E038230935B30018787F /* BasicString.impl.hpp in Headers */ = {isa = PBXBuildFile; fileRef = A53E4ECC230867B5000BB7D8 /* BasicString.impl.hpp */; };
/* End PBXBuildFile section */

/* Begin PBXCopyFilesBuildPhase section */
		A53E4EC02306411F000BB7D8 /* CopyFiles */ = {
			isa = PBXCopyFilesBuildPhase;
			buildActionMask = 2147483647;
			dstPath = /usr/share/man/man1/;
			dstSubfolderSpec = 0;
			files = (
			);
			runOnlyForDeploymentPostprocessing = 1;
		};
/* End PBXCopyFilesBuildPhase section */

/* Begin PBXFileReference section */
		A53E4E472304874A000BB7D8 /* String.hpp */ = {isa = PBXFileReference; lastKnownFileType = sourcecode.cpp.h; path = String.hpp; sourceTree = "<group>"; };
		A53E4E4823048758000BB7D8 /* BasicString.hpp */ = {isa = PBXFileReference; lastKnownFileType = sourcecode.cpp.h; path = BasicString.hpp; sourceTree = "<group>"; };
		A53E4E6623048C5B000BB7D8 /* Common.hpp */ = {isa = PBXFileReference; lastKnownFileType = sourcecode.cpp.h; path = Common.hpp; sourceTree = "<group>"; };
		A53E4E6A23048DE5000BB7D8 /* Error.hpp */ = {isa = PBXFileReference; lastKnownFileType = sourcecode.cpp.h; path = Error.hpp; sourceTree = "<group>"; };
		A53E4E6B2304B3A3000BB7D8 /* BasicStringUtils.hpp */ = {isa = PBXFileReference; lastKnownFileType = sourcecode.cpp.h; path = BasicStringUtils.hpp; sourceTree = "<group>"; };
		A53E4EB223063BFC000BB7D8 /* libDataCpp-macOS.a */ = {isa = PBXFileReference; explicitFileType = archive.ar; includeInIndex = 0; path = "libDataCpp-macOS.a"; sourceTree = BUILT_PRODUCTS_DIR; };
		A53E4EBC230640CD000BB7D8 /* main.cpp */ = {isa = PBXFileReference; lastKnownFileType = sourcecode.cpp.cpp; path = main.cpp; sourceTree = "<group>"; };
		A53E4EC22306411F000BB7D8 /* DataCppTest-macOS */ = {isa = PBXFileReference; explicitFileType = "compiled.mach-o.executable"; includeInIndex = 0; path = "DataCppTest-macOS"; sourceTree = BUILT_PRODUCTS_DIR; };
		A53E4ECC230867B5000BB7D8 /* BasicString.impl.hpp */ = {isa = PBXFileReference; lastKnownFileType = sourcecode.cpp.h; path = BasicString.impl.hpp; sourceTree = "<group>"; };
		A564E01923091D590018787F /* data.hpp */ = {isa = PBXFileReference; lastKnownFileType = sourcecode.cpp.h; path = data.hpp; sourceTree = "<group>"; };
		A564E02D230934A10018787F /* Error.cpp */ = {isa = PBXFileReference; lastKnownFileType = sourcecode.cpp.cpp; path = Error.cpp; sourceTree = "<group>"; };
/* End PBXFileReference section */

/* Begin PBXFrameworksBuildPhase section */
		A53E4EB023063BFC000BB7D8 /* Frameworks */ = {
			isa = PBXFrameworksBuildPhase;
			buildActionMask = 2147483647;
			files = (
			);
			runOnlyForDeploymentPostprocessing = 0;
		};
		A53E4EBF2306411F000BB7D8 /* Frameworks */ = {
			isa = PBXFrameworksBuildPhase;
			buildActionMask = 2147483647;
			files = (
				A517B81F23093B7C00897145 /* libDataCpp-macOS.a in Frameworks */,
			);
			runOnlyForDeploymentPostprocessing = 0;
		};
/* End PBXFrameworksBuildPhase section */

/* Begin PBXGroup section */
		A53E4E6723048C5E000BB7D8 /* fgl */ = {
			isa = PBXGroup;
			children = (
				A564E01923091D590018787F /* data.hpp */,
				A53E4E6923048D63000BB7D8 /* error */,
				A53E4E6823048C62000BB7D8 /* data */,
			);
			path = fgl;
			sourceTree = "<group>";
		};
		A53E4E6823048C62000BB7D8 /* data */ = {
			isa = PBXGroup;
			children = (
				A53E4E6623048C5B000BB7D8 /* Common.hpp */,
				A53E4E6B2304B3A3000BB7D8 /* BasicStringUtils.hpp */,
				A53E4E4823048758000BB7D8 /* BasicString.hpp */,
				A53E4ECC230867B5000BB7D8 /* BasicString.impl.hpp */,
				A53E4E472304874A000BB7D8 /* String.hpp */,
			);
			path = data;
			sourceTree = "<group>";
		};
		A53E4E6923048D63000BB7D8 /* error */ = {
			isa = PBXGroup;
			children = (
				A53E4E6A23048DE5000BB7D8 /* Error.hpp */,
				A564E02D230934A10018787F /* Error.cpp */,
			);
			path = error;
			sourceTree = "<group>";
		};
		A53E4EBB2306407F000BB7D8 /* test */ = {
			isa = PBXGroup;
			children = (
				A53E4EBC230640CD000BB7D8 /* main.cpp */,
			);
			path = test;
			sourceTree = "<group>";
		};
		A53E4ECA2306413B000BB7D8 /* Frameworks */ = {
			isa = PBXGroup;
			children = (
			);
			name = Frameworks;
			sourceTree = "<group>";
		};
		A578651F23007C1C00CDC3E8 = {
			isa = PBXGroup;
			children = (
				A578653423007C4800CDC3E8 /* src */,
				A578652923007C1D00CDC3E8 /* Products */,
				A53E4ECA2306413B000BB7D8 /* Frameworks */,
			);
			sourceTree = "<group>";
		};
		A578652923007C1D00CDC3E8 /* Products */ = {
			isa = PBXGroup;
			children = (
				A53E4EB223063BFC000BB7D8 /* libDataCpp-macOS.a */,
				A53E4EC22306411F000BB7D8 /* DataCppTest-macOS */,
			);
			name = Products;
			sourceTree = "<group>";
		};
		A578653423007C4800CDC3E8 /* src */ = {
			isa = PBXGroup;
			children = (
				A53E4E6723048C5E000BB7D8 /* fgl */,
				A53E4EBB2306407F000BB7D8 /* test */,
			);
			name = src;
			path = ../../src;
			sourceTree = "<group>";
		};
/* End PBXGroup section */

/* Begin PBXHeadersBuildPhase section */
		A53E4EAE23063BFC000BB7D8 /* Headers */ = {
			isa = PBXHeadersBuildPhase;
			buildActionMask = 2147483647;
			files = (
				A564E037230935B30018787F /* data.hpp in Headers */,
				A53E4EBA23063C24000BB7D8 /* Error.hpp in Headers */,
				A53E4EB623063C20000BB7D8 /* Common.hpp in Headers */,
				A53E4EB723063C20000BB7D8 /* BasicStringUtils.hpp in Headers */,
				A53E4EB823063C20000BB7D8 /* BasicString.hpp in Headers */,
				A564E038230935B30018787F /* BasicString.impl.hpp in Headers */,
				A53E4EB923063C20000BB7D8 /* String.hpp in Headers */,
			);
			runOnlyForDeploymentPostprocessing = 0;
		};
/* End PBXHeadersBuildPhase section */

/* Begin PBXNativeTarget section */
		A53E4EB123063BFC000BB7D8 /* DataCpp-macOS */ = {
			isa = PBXNativeTarget;
			buildConfigurationList = A53E4EB323063BFC000BB7D8 /* Build configuration list for PBXNativeTarget "DataCpp-macOS" */;
			buildPhases = (
				A53E4EAE23063BFC000BB7D8 /* Headers */,
				A53E4EAF23063BFC000BB7D8 /* Sources */,
				A53E4EB023063BFC000BB7D8 /* Frameworks */,
			);
			buildRules = (
			);
			dependencies = (
			);
			name = "DataCpp-macOS";
			productName = "DataCpp-macOS";
			productReference = A53E4EB223063BFC000BB7D8 /* libDataCpp-macOS.a */;
			productType = "com.apple.product-type.library.static";
		};
		A53E4EC12306411F000BB7D8 /* DataCppTest-macOS */ = {
			isa = PBXNativeTarget;
			buildConfigurationList = A53E4EC62306411F000BB7D8 /* Build configuration list for PBXNativeTarget "DataCppTest-macOS" */;
			buildPhases = (
				A53E4EBE2306411F000BB7D8 /* Sources */,
				A53E4EBF2306411F000BB7D8 /* Frameworks */,
				A53E4EC02306411F000BB7D8 /* CopyFiles */,
			);
			buildRules = (
			);
			dependencies = (
			);
			name = "DataCppTest-macOS";
			productName = "DataCppTest-macOS";
			productReference = A53E4EC22306411F000BB7D8 /* DataCppTest-macOS */;
			productType = "com.apple.product-type.tool";
		};
/* End PBXNativeTarget section */

/* Begin PBXProject section */
		A578652023007C1C00CDC3E8 /* Project object */ = {
			isa = PBXProject;
			attributes = {
				LastUpgradeCheck = 1020;
				ORGANIZATIONNAME = "Luis Finke";
				TargetAttributes = {
					A53E4EB123063BFC000BB7D8 = {
						CreatedOnToolsVersion = 10.3;
					};
					A53E4EC12306411F000BB7D8 = {
						CreatedOnToolsVersion = 10.3;
					};
				};
			};
			buildConfigurationList = A578652323007C1C00CDC3E8 /* Build configuration list for PBXProject "DataCpp" */;
			compatibilityVersion = "Xcode 9.3";
			developmentRegion = en;
			hasScannedForEncodings = 0;
			knownRegions = (
				en,
			);
			mainGroup = A578651F23007C1C00CDC3E8;
			productRefGroup = A578652923007C1D00CDC3E8 /* Products */;
			projectDirPath = "";
			projectRoot = "";
			targets = (
				A53E4EB123063BFC000BB7D8 /* DataCpp-macOS */,
				A53E4EC12306411F000BB7D8 /* DataCppTest-macOS */,
			);
		};
/* End PBXProject section */

/* Begin PBXSourcesBuildPhase section */
		A53E4EAF23063BFC000BB7D8 /* Sources */ = {
			isa = PBXSourcesBuildPhase;
			buildActionMask = 2147483647;
			files = (
				A564E02E230934A10018787F /* Error.cpp in Sources */,
			);
			runOnlyForDeploymentPostprocessing = 0;
		};
		A53E4EBE2306411F000BB7D8 /* Sources */ = {
			isa = PBXSourcesBuildPhase;
			buildActionMask = 2147483647;
			files = (
				A53E4EC923064126000BB7D8 /* main.cpp in Sources */,
			);
			runOnlyForDeploymentPostprocessing = 0;
		};
/* End PBXSourcesBuildPhase section */

/* Begin XCBuildConfiguration section */
		A53E4EB423063BFC000BB7D8 /* Debug */ = {
			isa = XCBuildConfiguration;
			buildSettings = {
				CODE_SIGN_IDENTITY = "-";
				CODE_SIGN_STYLE = Automatic;
				EXECUTABLE_PREFIX = lib;
				HEADER_SEARCH_PATHS = "$(PROJECT_DIR)/../../src";
				MACOSX_DEPLOYMENT_TARGET = 10.14;
				PRODUCT_NAME = "$(TARGET_NAME)";
				SDKROOT = macosx;
				SKIP_INSTALL = YES;
			};
			name = Debug;
		};
		A53E4EB523063BFC000BB7D8 /* Release */ = {
			isa = XCBuildConfiguration;
			buildSettings = {
				CODE_SIGN_IDENTITY = "-";
				CODE_SIGN_STYLE = Automatic;
				EXECUTABLE_PREFIX = lib;
				HEADER_SEARCH_PATHS = "$(PROJECT_DIR)/../../src";
				MACOSX_DEPLOYMENT_TARGET = 10.14;
				PRODUCT_NAME = "$(TARGET_NAME)";
				SDKROOT = macosx;
				SKIP_INSTALL = YES;
			};
			name = Release;
		};
		A53E4EC72306411F000BB7D8 /* Debug */ = {
			isa = XCBuildConfiguration;
			buildSettings = {
				CLANG_CXX_LANGUAGE_STANDARD = "gnu++17";
				CODE_SIGN_IDENTITY = "-";
				CODE_SIGN_STYLE = Automatic;
				HEADER_SEARCH_PATHS = "$(PROJECT_DIR)/../../src";
				MACOSX_DEPLOYMENT_TARGET = 10.14;
				PRODUCT_NAME = "$(TARGET_NAME)";
				SDKROOT = macosx;
			};
			name = Debug;
		};
		A53E4EC82306411F000BB7D8 /* Release */ = {
			isa = XCBuildConfiguration;
			buildSettings = {
				CLANG_CXX_LANGUAGE_STANDARD = "gnu++17";
				CODE_SIGN_IDENTITY = "-";
				CODE_SIGN_STYLE = Automatic;
				HEADER_SEARCH_PATHS = "$(PROJECT_DIR)/../../src";
				MACOSX_DEPLOYMENT_TARGET = 10.14;
				PRODUCT_NAME = "$(TARGET_NAME)";
				SDKROOT = macosx;
			};
			name = Release;
		};
		A578652F23007C1D00CDC3E8 /* Debug */ = {
			isa = XCBuildConfiguration;
			buildSettings = {
				ALWAYS_SEARCH_USER_PATHS = NO;
				CLANG_ANALYZER_NONNULL = YES;
				CLANG_ANALYZER_NUMBER_OBJECT_CONVERSION = YES_AGGRESSIVE;
				CLANG_CXX_LANGUAGE_STANDARD = "gnu++17";
				CLANG_CXX_LIBRARY = "libc++";
				CLANG_ENABLE_MODULES = YES;
				CLANG_ENABLE_OBJC_ARC = YES;
				CLANG_ENABLE_OBJC_WEAK = YES;
				CLANG_WARN_BLOCK_CAPTURE_AUTORELEASING = YES;
				CLANG_WARN_BOOL_CONVERSION = YES;
				CLANG_WARN_COMMA = YES;
				CLANG_WARN_CONSTANT_CONVERSION = YES;
				CLANG_WARN_DEPRECATED_OBJC_IMPLEMENTATIONS = YES;
				CLANG_WARN_DIRECT_OBJC_ISA_USAGE = YES_ERROR;
				CLANG_WARN_DOCUMENTATION_COMMENTS = YES;
				CLANG_WARN_EMPTY_BODY = YES;
				CLANG_WARN_ENUM_CONVERSION = YES;
				CLANG_WARN_INFINITE_RECURSION = YES;
				CLANG_WARN_INT_CONVERSION = YES;
				CLANG_WARN_NON_LITERAL_NULL_CONVERSION = YES;
				CLANG_WARN_OBJC_IMPLICIT_RETAIN_SELF = YES;
				CLANG_WARN_OBJC_LITERAL_CONVERSION = YES;
				CLANG_WARN_OBJC_ROOT_CLASS = YES_ERROR;
				CLANG_WARN_RANGE_LOOP_ANALYSIS = YES;
				CLANG_WARN_STRICT_PROTOTYPES = YES;
				CLANG_WARN_SUSPICIOUS_MOVE = YES;
				CLANG_WARN_UNGUARDED_AVAILABILITY = YES_AGGRESSIVE;
				CLANG_WARN_UNREACHABLE_CODE = YES;
				CLANG_WARN__DUPLICATE_METHOD_MATCH = YES;
				CODE_SIGN_IDENTITY = "iPhone Developer";
				COPY_PHASE_STRIP = NO;
				DEBUG_INFORMATION_FORMAT = dwarf;
				ENABLE_STRICT_OBJC_MSGSEND = YES;
				ENABLE_TESTABILITY = YES;
				GCC_C_LANGUAGE_STANDARD = gnu11;
				GCC_DYNAMIC_NO_PIC = NO;
				GCC_NO_COMMON_BLOCKS = YES;
				GCC_OPTIMIZATION_LEVEL = 0;
				GCC_PREPROCESSOR_DEFINITIONS = (
					"DEBUG=1",
					"$(inherited)",
				);
				GCC_WARN_64_TO_32_BIT_CONVERSION = YES;
				GCC_WARN_ABOUT_RETURN_TYPE = YES_ERROR;
				GCC_WARN_UNDECLARED_SELECTOR = YES;
				GCC_WARN_UNINITIALIZED_AUTOS = YES_AGGRESSIVE;
				GCC_WARN_UNUSED_FUNCTION = YES;
				GCC_WARN_UNUSED_VARIABLE = YES;
				IPHONEOS_DEPLOYMENT_TARGET = 12.2;
				MTL_ENABLE_DEBUG_INFO = INCLUDE_SOURCE;
				MTL_FAST_MATH = YES;
				ONLY_ACTIVE_ARCH = YES;
				SDKROOT = iphoneos;
			};
			name = Debug;
		};
		A578653023007C1D00CDC3E8 /* Release */ = {
			isa = XCBuildConfiguration;
			buildSettings = {
				ALWAYS_SEARCH_USER_PATHS = NO;
				CLANG_ANALYZER_NONNULL = YES;
				CLANG_ANALYZER_NUMBER_OBJECT_CONVERSION = YES_AGGRESSIVE;
				CLANG_CXX_LANGUAGE_STANDARD = "gnu++17";
				CLANG_CXX_LIBRARY = "libc++";
				CLANG_ENABLE_MODULES = YES;
				CLANG_ENABLE_OBJC_ARC = YES;
				CLANG_ENABLE_OBJC_WEAK = YES;
				CLANG_WARN_BLOCK_CAPTURE_AUTORELEASING = YES;
				CLANG_WARN_BOOL_CONVERSION = YES;
				CLANG_WARN_COMMA = YES;
				CLANG_WARN_CONSTANT_CONVERSION = YES;
				CLANG_WARN_DEPRECATED_OBJC_IMPLEMENTATIONS = YES;
				CLANG_WARN_DIRECT_OBJC_ISA_USAGE = YES_ERROR;
				CLANG_WARN_DOCUMENTATION_COMMENTS = YES;
				CLANG_WARN_EMPTY_BODY = YES;
				CLANG_WARN_ENUM_CONVERSION = YES;
				CLANG_WARN_INFINITE_RECURSION = YES;
				CLANG_WARN_INT_CONVERSION = YES;
				CLANG_WARN_NON_LITERAL_NULL_CONVERSION = YES;
				CLANG_WARN_OBJC_IMPLICIT_RETAIN_SELF = YES;
				CLANG_WARN_OBJC_LITERAL_CONVERSION = YES;
				CLANG_WARN_OBJC_ROOT_CLASS = YES_ERROR;
				CLANG_WARN_RANGE_LOOP_ANALYSIS = YES;
				CLANG_WARN_STRICT_PROTOTYPES = YES;
				CLANG_WARN_SUSPICIOUS_MOVE = YES;
				CLANG_WARN_UNGUARDED_AVAILABILITY = YES_AGGRESSIVE;
				CLANG_WARN_UNREACHABLE_CODE = YES;
				CLANG_WARN__DUPLICATE_METHOD_MATCH = YES;
				CODE_SIGN_IDENTITY = "iPhone Developer";
				COPY_PHASE_STRIP = NO;
				DEBUG_INFORMATION_FORMAT = "dwarf-with-dsym";
				ENABLE_NS_ASSERTIONS = NO;
				ENABLE_STRICT_OBJC_MSGSEND = YES;
				GCC_C_LANGUAGE_STANDARD = gnu11;
				GCC_NO_COMMON_BLOCKS = YES;
				GCC_WARN_64_TO_32_BIT_CONVERSION = YES;
				GCC_WARN_ABOUT_RETURN_TYPE = YES_ERROR;
				GCC_WARN_UNDECLARED_SELECTOR = YES;
				GCC_WARN_UNINITIALIZED_AUTOS = YES_AGGRESSIVE;
				GCC_WARN_UNUSED_FUNCTION = YES;
				GCC_WARN_UNUSED_VARIABLE = YES;
				IPHONEOS_DEPLOYMENT_TARGET = 12.2;
				MTL_ENABLE_DEBUG_INFO = NO;
				MTL_FAST_MATH = YES;
				SDKROOT = iphoneos;
				VALIDATE_PRODUCT = YES;
			};
			name = Release;
		};
/* End XCBuildConfiguration section */

/* Begin XCConfigurationList section */
		A53E4EB323063BFC000BB7D8 /* Build configuration list for PBXNativeTarget "DataCpp-macOS" */ = {
			isa = XCConfigurationList;
			buildConfigurations = (
				A53E4EB423063BFC000BB7D8 /* Debug */,
				A53E4EB523063BFC000BB7D8 /* Release */,
			);
			defaultConfigurationIsVisible = 0;
			defaultConfigurationName = Release;
		};
		A53E4EC62306411F000BB7D8 /* Build configuration list for PBXNativeTarget "DataCppTest-macOS" */ = {
			isa = XCConfigurationList;
			buildConfigurations = (
				A53E4EC72306411F000BB7D8 /* Debug */,
				A53E4EC82306411F000BB7D8 /* Release */,
			);
			defaultConfigurationIsVisible = 0;
			defaultConfigurationName = Release;
		};
		A578652323007C1C00CDC3E8 /* Build configuration list for PBXProject "DataCpp" */ = {
			isa = XCConfigurationList;
			buildConfigurations = (
				A578652F23007C1D00CDC3E8 /* Debug */,
				A578653023007C1D00CDC3E8 /* Release */,
			);
			defaultConfigurationIsVisible = 0;
			defaultConfigurationName = Release;
		};
/* End XCConfigurationList section */
	};
	rootObject = A578652023007C1C00CDC3E8 /* Project object */;
}
