// !$*UTF8*$!
{
	archiveVersion = 1;
	classes = {
	};
	objectVersion = 50;
	objects = {

/* Begin PBXBuildFile section */
		A5133ACF234A5C3A006DDCB4 /* JNI.h in Headers */ = {isa = PBXBuildFile; fileRef = A5133ACE234A5C3A006DDCB4 /* JNI.h */; };
		A5133AD0234A5C44006DDCB4 /* ObjectiveCpp.h in Headers */ = {isa = PBXBuildFile; fileRef = A571E13C2332CEE000603E14 /* ObjectiveCpp.h */; };
		A5133AD5234A5C4D006DDCB4 /* Common.hpp in Headers */ = {isa = PBXBuildFile; fileRef = A53E4E6623048C5B000BB7D8 /* Common.hpp */; };
		A5133AD6234A5C4D006DDCB4 /* BasicStringUtils.hpp in Headers */ = {isa = PBXBuildFile; fileRef = A53E4E6B2304B3A3000BB7D8 /* BasicStringUtils.hpp */; };
		A5133AD7234A5C4D006DDCB4 /* BasicString.hpp in Headers */ = {isa = PBXBuildFile; fileRef = A53E4E4823048758000BB7D8 /* BasicString.hpp */; };
		A5133AD8234A5C4D006DDCB4 /* BasicString.impl.hpp in Headers */ = {isa = PBXBuildFile; fileRef = A53E4ECC230867B5000BB7D8 /* BasicString.impl.hpp */; };
		A5133AD9234A5C4D006DDCB4 /* String.hpp in Headers */ = {isa = PBXBuildFile; fileRef = A53E4E472304874A000BB7D8 /* String.hpp */; };
		A5133ADA234A5C4D006DDCB4 /* BasicList.hpp in Headers */ = {isa = PBXBuildFile; fileRef = A567C15E2319A6CF00BB5398 /* BasicList.hpp */; };
		A5133ADB234A5C4D006DDCB4 /* ArrayList.hpp in Headers */ = {isa = PBXBuildFile; fileRef = A567C1612319D69400BB5398 /* ArrayList.hpp */; };
		A5133ADC234A5C4D006DDCB4 /* LinkedList.hpp in Headers */ = {isa = PBXBuildFile; fileRef = A567C1622319D6A100BB5398 /* LinkedList.hpp */; };
		A5133ADD234A5C4D006DDCB4 /* Traits.hpp in Headers */ = {isa = PBXBuildFile; fileRef = A567C1602319B0A600BB5398 /* Traits.hpp */; };
		A5133ADE234A5C55006DDCB4 /* PlatformChecks.hpp in Headers */ = {isa = PBXBuildFile; fileRef = A571E1362332C7A700603E14 /* PlatformChecks.hpp */; };
		A517B81F23093B7C00897145 /* libDataCpp-macOS.a in Frameworks */ = {isa = PBXBuildFile; fileRef = A53E4EB223063BFC000BB7D8 /* libDataCpp-macOS.a */; };
		A5224A342315E8100006D213 /* Error.cpp in Sources */ = {isa = PBXBuildFile; fileRef = A564E02D230934A10018787F /* Error.cpp */; };
		A53E4EBA23063C24000BB7D8 /* Error.hpp in Headers */ = {isa = PBXBuildFile; fileRef = A53E4E6A23048DE5000BB7D8 /* Error.hpp */; };
		A53E4EC923064126000BB7D8 /* main.cpp in Sources */ = {isa = PBXBuildFile; fileRef = A53E4EBC230640CD000BB7D8 /* main.cpp */; };
		A552A2DA2686D26B001F3F6F /* DataCppTests.cpp in Sources */ = {isa = PBXBuildFile; fileRef = A552A2D92686D26B001F3F6F /* DataCppTests.cpp */; };
		A564E02E230934A10018787F /* Error.cpp in Sources */ = {isa = PBXBuildFile; fileRef = A564E02D230934A10018787F /* Error.cpp */; };
		A564E037230935B30018787F /* data.hpp in Headers */ = {isa = PBXBuildFile; fileRef = A564E01923091D590018787F /* data.hpp */; };
		A5AE3F0E247C10D700FB9AFF /* Any.hpp in Headers */ = {isa = PBXBuildFile; fileRef = A5AE3F0D247C10D700FB9AFF /* Any.hpp */; };
		A5AE3F14247C222800FB9AFF /* Any.cpp in Sources */ = {isa = PBXBuildFile; fileRef = A5AE3F13247C222800FB9AFF /* Any.cpp */; };
		A5AE3F15247C222800FB9AFF /* Any.cpp in Sources */ = {isa = PBXBuildFile; fileRef = A5AE3F13247C222800FB9AFF /* Any.cpp */; };
		A5C6D3F925AF6BAF00596878 /* Map.hpp in Headers */ = {isa = PBXBuildFile; fileRef = A5C6D3F825AF6BAF00596878 /* Map.hpp */; };
		A5D9EEC3255A597C00E4762A /* DateTime.cpp in Sources */ = {isa = PBXBuildFile; fileRef = A5D9EEC1255A597C00E4762A /* DateTime.cpp */; };
		A5D9EEC4255A597C00E4762A /* DateTime.cpp in Sources */ = {isa = PBXBuildFile; fileRef = A5D9EEC1255A597C00E4762A /* DateTime.cpp */; };
		A5D9EEC5255A597C00E4762A /* DateTime.hpp in Headers */ = {isa = PBXBuildFile; fileRef = A5D9EEC2255A597C00E4762A /* DateTime.hpp */; };
		A5E360C524071C4600840E28 /* Stringify.hpp in Headers */ = {isa = PBXBuildFile; fileRef = A5E360C424071C4600840E28 /* Stringify.hpp */; };
		A5E360C824072CEC00840E28 /* Stringify.cpp in Sources */ = {isa = PBXBuildFile; fileRef = A5E360C724072CEC00840E28 /* Stringify.cpp */; };
		A5E360C924072CEC00840E28 /* Stringify.cpp in Sources */ = {isa = PBXBuildFile; fileRef = A5E360C724072CEC00840E28 /* Stringify.cpp */; };
		A5FEA53F26B72A840037000B /* Variant.hpp in Headers */ = {isa = PBXBuildFile; fileRef = A5FEA53E26B72A840037000B /* Variant.hpp */; };
/* End PBXBuildFile section */

/* Begin PBXCopyFilesBuildPhase section */
		A53E4EC02306411F000BB7D8 /* CopyFiles */ = {
			isa = PBXCopyFilesBuildPhase;
			buildActionMask = 2147483647;
			dstPath = /usr/share/man/man1/;
			dstSubfolderSpec = 0;
			files = (
			);
			runOnlyForDeploymentPostprocessing = 1;
		};
		A58B327E2310B0DF00E80ECB /* CopyFiles */ = {
			isa = PBXCopyFilesBuildPhase;
			buildActionMask = 2147483647;
			dstPath = "include/$(PRODUCT_NAME)";
			dstSubfolderSpec = 16;
			files = (
			);
			runOnlyForDeploymentPostprocessing = 0;
		};
/* End PBXCopyFilesBuildPhase section */

/* Begin PBXFileReference section */
		A502AF0824C3A8B10081FB6E /* Iterator.hpp */ = {isa = PBXFileReference; lastKnownFileType = sourcecode.cpp.h; path = Iterator.hpp; sourceTree = "<group>"; };
		A5133ACE234A5C3A006DDCB4 /* JNI.h */ = {isa = PBXFileReference; fileEncoding = 4; lastKnownFileType = sourcecode.c.h; path = JNI.h; sourceTree = "<group>"; };
		A53E4E472304874A000BB7D8 /* String.hpp */ = {isa = PBXFileReference; lastKnownFileType = sourcecode.cpp.h; path = String.hpp; sourceTree = "<group>"; };
		A53E4E4823048758000BB7D8 /* BasicString.hpp */ = {isa = PBXFileReference; lastKnownFileType = sourcecode.cpp.h; path = BasicString.hpp; sourceTree = "<group>"; };
		A53E4E6623048C5B000BB7D8 /* Common.hpp */ = {isa = PBXFileReference; lastKnownFileType = sourcecode.cpp.h; path = Common.hpp; sourceTree = "<group>"; };
		A53E4E6A23048DE5000BB7D8 /* Error.hpp */ = {isa = PBXFileReference; lastKnownFileType = sourcecode.cpp.h; path = Error.hpp; sourceTree = "<group>"; };
		A53E4E6B2304B3A3000BB7D8 /* BasicStringUtils.hpp */ = {isa = PBXFileReference; lastKnownFileType = sourcecode.cpp.h; path = BasicStringUtils.hpp; sourceTree = "<group>"; };
		A53E4EB223063BFC000BB7D8 /* libDataCpp-macOS.a */ = {isa = PBXFileReference; explicitFileType = archive.ar; includeInIndex = 0; path = "libDataCpp-macOS.a"; sourceTree = BUILT_PRODUCTS_DIR; };
		A53E4EBC230640CD000BB7D8 /* main.cpp */ = {isa = PBXFileReference; lastKnownFileType = sourcecode.cpp.cpp; path = main.cpp; sourceTree = "<group>"; };
		A53E4EC22306411F000BB7D8 /* DataCppTest-macOS */ = {isa = PBXFileReference; explicitFileType = "compiled.mach-o.executable"; includeInIndex = 0; path = "DataCppTest-macOS"; sourceTree = BUILT_PRODUCTS_DIR; };
		A53E4ECC230867B5000BB7D8 /* BasicString.impl.hpp */ = {isa = PBXFileReference; lastKnownFileType = sourcecode.cpp.h; path = BasicString.impl.hpp; sourceTree = "<group>"; };
		A552A2D82686D26B001F3F6F /* DataCppTests.hpp */ = {isa = PBXFileReference; fileEncoding = 4; lastKnownFileType = sourcecode.cpp.h; path = DataCppTests.hpp; sourceTree = "<group>"; };
		A552A2D92686D26B001F3F6F /* DataCppTests.cpp */ = {isa = PBXFileReference; fileEncoding = 4; lastKnownFileType = sourcecode.cpp.cpp; path = DataCppTests.cpp; sourceTree = "<group>"; };
		A564E01923091D590018787F /* data.hpp */ = {isa = PBXFileReference; lastKnownFileType = sourcecode.cpp.h; path = data.hpp; sourceTree = "<group>"; };
		A564E02D230934A10018787F /* Error.cpp */ = {isa = PBXFileReference; lastKnownFileType = sourcecode.cpp.cpp; path = Error.cpp; sourceTree = "<group>"; };
		A567C15E2319A6CF00BB5398 /* BasicList.hpp */ = {isa = PBXFileReference; lastKnownFileType = sourcecode.cpp.h; path = BasicList.hpp; sourceTree = "<group>"; };
		A567C1602319B0A600BB5398 /* Traits.hpp */ = {isa = PBXFileReference; lastKnownFileType = sourcecode.cpp.h; path = Traits.hpp; sourceTree = "<group>"; };
		A567C1612319D69400BB5398 /* ArrayList.hpp */ = {isa = PBXFileReference; lastKnownFileType = sourcecode.cpp.h; path = ArrayList.hpp; sourceTree = "<group>"; };
		A567C1622319D6A100BB5398 /* LinkedList.hpp */ = {isa = PBXFileReference; lastKnownFileType = sourcecode.cpp.h; path = LinkedList.hpp; sourceTree = "<group>"; };
		A571E1362332C7A700603E14 /* PlatformChecks.hpp */ = {isa = PBXFileReference; lastKnownFileType = sourcecode.cpp.h; path = PlatformChecks.hpp; sourceTree = "<group>"; };
		A571E13C2332CEE000603E14 /* ObjectiveCpp.h */ = {isa = PBXFileReference; lastKnownFileType = sourcecode.c.h; path = ObjectiveCpp.h; sourceTree = "<group>"; };
		A58B32802310B0DF00E80ECB /* libDataCpp-iOS.a */ = {isa = PBXFileReference; explicitFileType = archive.ar; includeInIndex = 0; path = "libDataCpp-iOS.a"; sourceTree = BUILT_PRODUCTS_DIR; };
		A5AE3F0D247C10D700FB9AFF /* Any.hpp */ = {isa = PBXFileReference; lastKnownFileType = sourcecode.cpp.h; path = Any.hpp; sourceTree = "<group>"; };
		A5AE3F13247C222800FB9AFF /* Any.cpp */ = {isa = PBXFileReference; lastKnownFileType = sourcecode.cpp.cpp; path = Any.cpp; sourceTree = "<group>"; };
		A5B9734D2381C51000FB3F1C /* Optional.hpp */ = {isa = PBXFileReference; lastKnownFileType = sourcecode.cpp.h; path = Optional.hpp; sourceTree = "<group>"; };
		A5C6D3F825AF6BAF00596878 /* Map.hpp */ = {isa = PBXFileReference; lastKnownFileType = sourcecode.cpp.h; path = Map.hpp; sourceTree = "<group>"; };
		A5D9EEC1255A597C00E4762A /* DateTime.cpp */ = {isa = PBXFileReference; lastKnownFileType = sourcecode.cpp.cpp; path = DateTime.cpp; sourceTree = "<group>"; };
		A5D9EEC2255A597C00E4762A /* DateTime.hpp */ = {isa = PBXFileReference; lastKnownFileType = sourcecode.cpp.h; path = DateTime.hpp; sourceTree = "<group>"; };
		A5E360C424071C4600840E28 /* Stringify.hpp */ = {isa = PBXFileReference; lastKnownFileType = sourcecode.cpp.h; path = Stringify.hpp; sourceTree = "<group>"; };
		A5E360C724072CEC00840E28 /* Stringify.cpp */ = {isa = PBXFileReference; lastKnownFileType = sourcecode.cpp.cpp; path = Stringify.cpp; sourceTree = "<group>"; };
		A5E851AD2357C7610001F74D /* NAPI.h */ = {isa = PBXFileReference; lastKnownFileType = sourcecode.c.h; path = NAPI.h; sourceTree = "<group>"; };
		A5E851AE2357C7770001F74D /* NAPI_undef.h */ = {isa = PBXFileReference; lastKnownFileType = sourcecode.c.h; path = NAPI_undef.h; sourceTree = "<group>"; };
		A5FEA53E26B72A840037000B /* Variant.hpp */ = {isa = PBXFileReference; lastKnownFileType = sourcecode.cpp.h; path = Variant.hpp; sourceTree = "<group>"; };
/* End PBXFileReference section */

/* Begin PBXFrameworksBuildPhase section */
		A53E4EB023063BFC000BB7D8 /* Frameworks */ = {
			isa = PBXFrameworksBuildPhase;
			buildActionMask = 2147483647;
			files = (
			);
			runOnlyForDeploymentPostprocessing = 0;
		};
		A53E4EBF2306411F000BB7D8 /* Frameworks */ = {
			isa = PBXFrameworksBuildPhase;
			buildActionMask = 2147483647;
			files = (
				A517B81F23093B7C00897145 /* libDataCpp-macOS.a in Frameworks */,
			);
			runOnlyForDeploymentPostprocessing = 0;
		};
		A58B327D2310B0DF00E80ECB /* Frameworks */ = {
			isa = PBXFrameworksBuildPhase;
			buildActionMask = 2147483647;
			files = (
			);
			runOnlyForDeploymentPostprocessing = 0;
		};
/* End PBXFrameworksBuildPhase section */

/* Begin PBXGroup section */
		A53E4E6723048C5E000BB7D8 /* fgl */ = {
			isa = PBXGroup;
			children = (
				A564E01923091D590018787F /* data.hpp */,
				A53E4E6823048C62000BB7D8 /* data */,
				A53E4E6923048D63000BB7D8 /* error */,
				A5D9EEC0255A596600E4762A /* time */,
				A571E1372332C9D600603E14 /* util */,
			);
			path = fgl;
			sourceTree = "<group>";
		};
		A53E4E6823048C62000BB7D8 /* data */ = {
			isa = PBXGroup;
			children = (
				A53E4E6623048C5B000BB7D8 /* Common.hpp */,
				A5AE3F0D247C10D700FB9AFF /* Any.hpp */,
				A5AE3F13247C222800FB9AFF /* Any.cpp */,
				A53E4E6B2304B3A3000BB7D8 /* BasicStringUtils.hpp */,
				A53E4E4823048758000BB7D8 /* BasicString.hpp */,
				A53E4ECC230867B5000BB7D8 /* BasicString.impl.hpp */,
				A53E4E472304874A000BB7D8 /* String.hpp */,
				A567C15E2319A6CF00BB5398 /* BasicList.hpp */,
				A567C1612319D69400BB5398 /* ArrayList.hpp */,
				A567C1622319D6A100BB5398 /* LinkedList.hpp */,
				A5C6D3F825AF6BAF00596878 /* Map.hpp */,
				A567C1602319B0A600BB5398 /* Traits.hpp */,
				A5B9734D2381C51000FB3F1C /* Optional.hpp */,
				A5E360C424071C4600840E28 /* Stringify.hpp */,
				A5E360C724072CEC00840E28 /* Stringify.cpp */,
				A502AF0824C3A8B10081FB6E /* Iterator.hpp */,
				A5FEA53E26B72A840037000B /* Variant.hpp */,
			);
			path = data;
			sourceTree = "<group>";
		};
		A53E4E6923048D63000BB7D8 /* error */ = {
			isa = PBXGroup;
			children = (
				A53E4E6A23048DE5000BB7D8 /* Error.hpp */,
				A564E02D230934A10018787F /* Error.cpp */,
			);
			path = error;
			sourceTree = "<group>";
		};
		A53E4EBB2306407F000BB7D8 /* test */ = {
			isa = PBXGroup;
			children = (
				A552A2D92686D26B001F3F6F /* DataCppTests.cpp */,
				A552A2D82686D26B001F3F6F /* DataCppTests.hpp */,
				A53E4EBC230640CD000BB7D8 /* main.cpp */,
			);
			path = test;
			sourceTree = "<group>";
		};
		A53E4ECA2306413B000BB7D8 /* Frameworks */ = {
			isa = PBXGroup;
			children = (
			);
			name = Frameworks;
			sourceTree = "<group>";
		};
		A571E1372332C9D600603E14 /* util */ = {
			isa = PBXGroup;
			children = (
				A571E1362332C7A700603E14 /* PlatformChecks.hpp */,
				A5133ACE234A5C3A006DDCB4 /* JNI.h */,
				A571E13C2332CEE000603E14 /* ObjectiveCpp.h */,
				A5E851AD2357C7610001F74D /* NAPI.h */,
				A5E851AE2357C7770001F74D /* NAPI_undef.h */,
			);
			path = util;
			sourceTree = "<group>";
		};
		A578651F23007C1C00CDC3E8 = {
			isa = PBXGroup;
			children = (
				A578653423007C4800CDC3E8 /* src */,
				A578652923007C1D00CDC3E8 /* Products */,
				A53E4ECA2306413B000BB7D8 /* Frameworks */,
			);
			sourceTree = "<group>";
		};
		A578652923007C1D00CDC3E8 /* Products */ = {
			isa = PBXGroup;
			children = (
				A53E4EB223063BFC000BB7D8 /* libDataCpp-macOS.a */,
				A53E4EC22306411F000BB7D8 /* DataCppTest-macOS */,
				A58B32802310B0DF00E80ECB /* libDataCpp-iOS.a */,
			);
			name = Products;
			sourceTree = "<group>";
		};
		A578653423007C4800CDC3E8 /* src */ = {
			isa = PBXGroup;
			children = (
				A53E4E6723048C5E000BB7D8 /* fgl */,
				A53E4EBB2306407F000BB7D8 /* test */,
			);
			name = src;
			path = ../../src;
			sourceTree = "<group>";
		};
		A5D9EEC0255A596600E4762A /* time */ = {
			isa = PBXGroup;
			children = (
				A5D9EEC2255A597C00E4762A /* DateTime.hpp */,
				A5D9EEC1255A597C00E4762A /* DateTime.cpp */,
			);
			path = time;
			sourceTree = "<group>";
		};
/* End PBXGroup section */

/* Begin PBXHeadersBuildPhase section */
		A53E4EAE23063BFC000BB7D8 /* Headers */ = {
			isa = PBXHeadersBuildPhase;
			buildActionMask = 2147483647;
			files = (
				A564E037230935B30018787F /* data.hpp in Headers */,
				A5133ADD234A5C4D006DDCB4 /* Traits.hpp in Headers */,
				A53E4EBA23063C24000BB7D8 /* Error.hpp in Headers */,
				A5D9EEC5255A597C00E4762A /* DateTime.hpp in Headers */,
				A5133AD0234A5C44006DDCB4 /* ObjectiveCpp.h in Headers */,
				A5E360C524071C4600840E28 /* Stringify.hpp in Headers */,
				A5AE3F0E247C10D700FB9AFF /* Any.hpp in Headers */,
				A5133AD8234A5C4D006DDCB4 /* BasicString.impl.hpp in Headers */,
				A5133ADB234A5C4D006DDCB4 /* ArrayList.hpp in Headers */,
				A5C6D3F925AF6BAF00596878 /* Map.hpp in Headers */,
				A5133AD5234A5C4D006DDCB4 /* Common.hpp in Headers */,
				A5133ADA234A5C4D006DDCB4 /* BasicList.hpp in Headers */,
				A5133AD7234A5C4D006DDCB4 /* BasicString.hpp in Headers */,
				A5133AD6234A5C4D006DDCB4 /* BasicStringUtils.hpp in Headers */,
				A5133ADE234A5C55006DDCB4 /* PlatformChecks.hpp in Headers */,
				A5133ACF234A5C3A006DDCB4 /* JNI.h in Headers */,
				A5FEA53F26B72A840037000B /* Variant.hpp in Headers */,
				A5133AD9234A5C4D006DDCB4 /* String.hpp in Headers */,
				A5133ADC234A5C4D006DDCB4 /* LinkedList.hpp in Headers */,
			);
			runOnlyForDeploymentPostprocessing = 0;
		};
/* End PBXHeadersBuildPhase section */

/* Begin PBXNativeTarget section */
		A53E4EB123063BFC000BB7D8 /* DataCpp-macOS */ = {
			isa = PBXNativeTarget;
			buildConfigurationList = A53E4EB323063BFC000BB7D8 /* Build configuration list for PBXNativeTarget "DataCpp-macOS" */;
			buildPhases = (
				A53E4EAE23063BFC000BB7D8 /* Headers */,
				A53E4EAF23063BFC000BB7D8 /* Sources */,
				A53E4EB023063BFC000BB7D8 /* Frameworks */,
			);
			buildRules = (
			);
			dependencies = (
			);
			name = "DataCpp-macOS";
			productName = "DataCpp-macOS";
			productReference = A53E4EB223063BFC000BB7D8 /* libDataCpp-macOS.a */;
			productType = "com.apple.product-type.library.static";
		};
		A53E4EC12306411F000BB7D8 /* DataCppTest-macOS */ = {
			isa = PBXNativeTarget;
			buildConfigurationList = A53E4EC62306411F000BB7D8 /* Build configuration list for PBXNativeTarget "DataCppTest-macOS" */;
			buildPhases = (
				A53E4EBE2306411F000BB7D8 /* Sources */,
				A53E4EBF2306411F000BB7D8 /* Frameworks */,
				A53E4EC02306411F000BB7D8 /* CopyFiles */,
			);
			buildRules = (
			);
			dependencies = (
			);
			name = "DataCppTest-macOS";
			productName = "DataCppTest-macOS";
			productReference = A53E4EC22306411F000BB7D8 /* DataCppTest-macOS */;
			productType = "com.apple.product-type.tool";
		};
		A58B327F2310B0DF00E80ECB /* DataCpp-iOS */ = {
			isa = PBXNativeTarget;
			buildConfigurationList = A58B32882310B0DF00E80ECB /* Build configuration list for PBXNativeTarget "DataCpp-iOS" */;
			buildPhases = (
				A58B327C2310B0DF00E80ECB /* Sources */,
				A58B327D2310B0DF00E80ECB /* Frameworks */,
				A58B327E2310B0DF00E80ECB /* CopyFiles */,
			);
			buildRules = (
			);
			dependencies = (
			);
			name = "DataCpp-iOS";
			productName = "DataCpp-iOS";
			productReference = A58B32802310B0DF00E80ECB /* libDataCpp-iOS.a */;
			productType = "com.apple.product-type.library.static";
		};
/* End PBXNativeTarget section */

/* Begin PBXProject section */
		A578652023007C1C00CDC3E8 /* Project object */ = {
			isa = PBXProject;
			attributes = {
				LastUpgradeCheck = 1250;
				ORGANIZATIONNAME = "Luis Finke";
				TargetAttributes = {
					A53E4EB123063BFC000BB7D8 = {
						CreatedOnToolsVersion = 10.3;
					};
					A53E4EC12306411F000BB7D8 = {
						CreatedOnToolsVersion = 10.3;
					};
					A58B327F2310B0DF00E80ECB = {
						CreatedOnToolsVersion = 10.3;
					};
				};
			};
			buildConfigurationList = A578652323007C1C00CDC3E8 /* Build configuration list for PBXProject "DataCpp" */;
			compatibilityVersion = "Xcode 9.3";
			developmentRegion = en;
			hasScannedForEncodings = 0;
			knownRegions = (
				en,
			);
			mainGroup = A578651F23007C1C00CDC3E8;
			productRefGroup = A578652923007C1D00CDC3E8 /* Products */;
			projectDirPath = "";
			projectRoot = "";
			targets = (
				A53E4EB123063BFC000BB7D8 /* DataCpp-macOS */,
				A53E4EC12306411F000BB7D8 /* DataCppTest-macOS */,
				A58B327F2310B0DF00E80ECB /* DataCpp-iOS */,
			);
		};
/* End PBXProject section */

/* Begin PBXSourcesBuildPhase section */
		A53E4EAF23063BFC000BB7D8 /* Sources */ = {
			isa = PBXSourcesBuildPhase;
			buildActionMask = 2147483647;
			files = (
				A5AE3F14247C222800FB9AFF /* Any.cpp in Sources */,
				A564E02E230934A10018787F /* Error.cpp in Sources */,
				A5D9EEC3255A597C00E4762A /* DateTime.cpp in Sources */,
				A5E360C824072CEC00840E28 /* Stringify.cpp in Sources */,
			);
			runOnlyForDeploymentPostprocessing = 0;
		};
		A53E4EBE2306411F000BB7D8 /* Sources */ = {
			isa = PBXSourcesBuildPhase;
			buildActionMask = 2147483647;
			files = (
				A53E4EC923064126000BB7D8 /* main.cpp in Sources */,
				A552A2DA2686D26B001F3F6F /* DataCppTests.cpp in Sources */,
			);
			runOnlyForDeploymentPostprocessing = 0;
		};
		A58B327C2310B0DF00E80ECB /* Sources */ = {
			isa = PBXSourcesBuildPhase;
			buildActionMask = 2147483647;
			files = (
				A5AE3F15247C222800FB9AFF /* Any.cpp in Sources */,
				A5224A342315E8100006D213 /* Error.cpp in Sources */,
				A5D9EEC4255A597C00E4762A /* DateTime.cpp in Sources */,
				A5E360C924072CEC00840E28 /* Stringify.cpp in Sources */,
			);
			runOnlyForDeploymentPostprocessing = 0;
		};
/* End PBXSourcesBuildPhase section */

/* Begin XCBuildConfiguration section */
		A53E4EB423063BFC000BB7D8 /* Debug */ = {
			isa = XCBuildConfiguration;
			buildSettings = {
				CLANG_CXX_LANGUAGE_STANDARD = "gnu++20";
				CODE_SIGN_IDENTITY = "-";
				CODE_SIGN_STYLE = Automatic;
				EXECUTABLE_PREFIX = lib;
				MACOSX_DEPLOYMENT_TARGET = 10.14;
				PRODUCT_NAME = "$(TARGET_NAME)";
				SDKROOT = macosx;
				SKIP_INSTALL = YES;
			};
			name = Debug;
		};
		A53E4EB523063BFC000BB7D8 /* Release */ = {
			isa = XCBuildConfiguration;
			buildSettings = {
				CLANG_CXX_LANGUAGE_STANDARD = "gnu++20";
				CODE_SIGN_IDENTITY = "-";
				CODE_SIGN_STYLE = Automatic;
				EXECUTABLE_PREFIX = lib;
				MACOSX_DEPLOYMENT_TARGET = 10.14;
				PRODUCT_NAME = "$(TARGET_NAME)";
				SDKROOT = macosx;
				SKIP_INSTALL = YES;
			};
			name = Release;
		};
		A53E4EC72306411F000BB7D8 /* Debug */ = {
			isa = XCBuildConfiguration;
			buildSettings = {
				CLANG_CXX_LANGUAGE_STANDARD = "gnu++20";
				CODE_SIGN_IDENTITY = "-";
				CODE_SIGN_STYLE = Automatic;
				MACOSX_DEPLOYMENT_TARGET = 10.14;
				PRODUCT_NAME = "$(TARGET_NAME)";
				SDKROOT = macosx;
			};
			name = Debug;
		};
		A53E4EC82306411F000BB7D8 /* Release */ = {
			isa = XCBuildConfiguration;
			buildSettings = {
				CLANG_CXX_LANGUAGE_STANDARD = "gnu++20";
				CODE_SIGN_IDENTITY = "-";
				CODE_SIGN_STYLE = Automatic;
				MACOSX_DEPLOYMENT_TARGET = 10.14;
				PRODUCT_NAME = "$(TARGET_NAME)";
				SDKROOT = macosx;
			};
			name = Release;
		};
		A578652F23007C1D00CDC3E8 /* Debug */ = {
			isa = XCBuildConfiguration;
			buildSettings = {
				ALWAYS_SEARCH_USER_PATHS = NO;
				CLANG_ANALYZER_NONNULL = YES;
				CLANG_ANALYZER_NUMBER_OBJECT_CONVERSION = YES_AGGRESSIVE;
				CLANG_CXX_LANGUAGE_STANDARD = "gnu++20";
				CLANG_CXX_LIBRARY = "libc++";
				CLANG_ENABLE_MODULES = YES;
				CLANG_ENABLE_OBJC_ARC = YES;
				CLANG_ENABLE_OBJC_WEAK = YES;
				CLANG_WARN_BLOCK_CAPTURE_AUTORELEASING = YES;
				CLANG_WARN_BOOL_CONVERSION = YES;
				CLANG_WARN_COMMA = YES;
				CLANG_WARN_CONSTANT_CONVERSION = YES;
				CLANG_WARN_DEPRECATED_OBJC_IMPLEMENTATIONS = YES;
				CLANG_WARN_DIRECT_OBJC_ISA_USAGE = YES_ERROR;
				CLANG_WARN_DOCUMENTATION_COMMENTS = YES;
				CLANG_WARN_EMPTY_BODY = YES;
				CLANG_WARN_ENUM_CONVERSION = YES;
				CLANG_WARN_INFINITE_RECURSION = YES;
				CLANG_WARN_INT_CONVERSION = YES;
				CLANG_WARN_NON_LITERAL_NULL_CONVERSION = YES;
				CLANG_WARN_OBJC_IMPLICIT_RETAIN_SELF = YES;
				CLANG_WARN_OBJC_LITERAL_CONVERSION = YES;
				CLANG_WARN_OBJC_ROOT_CLASS = YES_ERROR;
				CLANG_WARN_QUOTED_INCLUDE_IN_FRAMEWORK_HEADER = YES;
				CLANG_WARN_RANGE_LOOP_ANALYSIS = YES;
				CLANG_WARN_STRICT_PROTOTYPES = YES;
				CLANG_WARN_SUSPICIOUS_MOVE = YES;
				CLANG_WARN_UNGUARDED_AVAILABILITY = YES_AGGRESSIVE;
				CLANG_WARN_UNREACHABLE_CODE = YES;
				CLANG_WARN__DUPLICATE_METHOD_MATCH = YES;
				CODE_SIGN_IDENTITY = "iPhone Developer";
				COPY_PHASE_STRIP = NO;
				DEBUG_INFORMATION_FORMAT = dwarf;
				ENABLE_STRICT_OBJC_MSGSEND = YES;
				ENABLE_TESTABILITY = YES;
				GCC_C_LANGUAGE_STANDARD = gnu11;
				GCC_DYNAMIC_NO_PIC = NO;
				GCC_NO_COMMON_BLOCKS = YES;
				GCC_OPTIMIZATION_LEVEL = 0;
				GCC_PREPROCESSOR_DEFINITIONS = (
					"DEBUG=1",
					"$(inherited)",
				);
				GCC_WARN_64_TO_32_BIT_CONVERSION = YES;
				GCC_WARN_ABOUT_RETURN_TYPE = YES_ERROR;
				GCC_WARN_UNDECLARED_SELECTOR = YES;
				GCC_WARN_UNINITIALIZED_AUTOS = YES_AGGRESSIVE;
				GCC_WARN_UNUSED_FUNCTION = YES;
				GCC_WARN_UNUSED_VARIABLE = YES;
				HEADER_SEARCH_PATHS = "$(PROJECT_DIR)/../../src";
				IPHONEOS_DEPLOYMENT_TARGET = 12.2;
				MTL_ENABLE_DEBUG_INFO = INCLUDE_SOURCE;
				MTL_FAST_MATH = YES;
				ONLY_ACTIVE_ARCH = YES;
				SDKROOT = iphoneos;
			};
			name = Debug;
		};
		A578653023007C1D00CDC3E8 /* Release */ = {
			isa = XCBuildConfiguration;
			buildSettings = {
				ALWAYS_SEARCH_USER_PATHS = NO;
				CLANG_ANALYZER_NONNULL = YES;
				CLANG_ANALYZER_NUMBER_OBJECT_CONVERSION = YES_AGGRESSIVE;
				CLANG_CXX_LANGUAGE_STANDARD = "gnu++20";
				CLANG_CXX_LIBRARY = "libc++";
				CLANG_ENABLE_MODULES = YES;
				CLANG_ENABLE_OBJC_ARC = YES;
				CLANG_ENABLE_OBJC_WEAK = YES;
				CLANG_WARN_BLOCK_CAPTURE_AUTORELEASING = YES;
				CLANG_WARN_BOOL_CONVERSION = YES;
				CLANG_WARN_COMMA = YES;
				CLANG_WARN_CONSTANT_CONVERSION = YES;
				CLANG_WARN_DEPRECATED_OBJC_IMPLEMENTATIONS = YES;
				CLANG_WARN_DIRECT_OBJC_ISA_USAGE = YES_ERROR;
				CLANG_WARN_DOCUMENTATION_COMMENTS = YES;
				CLANG_WARN_EMPTY_BODY = YES;
				CLANG_WARN_ENUM_CONVERSION = YES;
				CLANG_WARN_INFINITE_RECURSION = YES;
				CLANG_WARN_INT_CONVERSION = YES;
				CLANG_WARN_NON_LITERAL_NULL_CONVERSION = YES;
				CLANG_WARN_OBJC_IMPLICIT_RETAIN_SELF = YES;
				CLANG_WARN_OBJC_LITERAL_CONVERSION = YES;
				CLANG_WARN_OBJC_ROOT_CLASS = YES_ERROR;
				CLANG_WARN_QUOTED_INCLUDE_IN_FRAMEWORK_HEADER = YES;
				CLANG_WARN_RANGE_LOOP_ANALYSIS = YES;
				CLANG_WARN_STRICT_PROTOTYPES = YES;
				CLANG_WARN_SUSPICIOUS_MOVE = YES;
				CLANG_WARN_UNGUARDED_AVAILABILITY = YES_AGGRESSIVE;
				CLANG_WARN_UNREACHABLE_CODE = YES;
				CLANG_WARN__DUPLICATE_METHOD_MATCH = YES;
				CODE_SIGN_IDENTITY = "iPhone Developer";
				COPY_PHASE_STRIP = NO;
				DEBUG_INFORMATION_FORMAT = "dwarf-with-dsym";
				ENABLE_NS_ASSERTIONS = NO;
				ENABLE_STRICT_OBJC_MSGSEND = YES;
				GCC_C_LANGUAGE_STANDARD = gnu11;
				GCC_NO_COMMON_BLOCKS = YES;
				GCC_WARN_64_TO_32_BIT_CONVERSION = YES;
				GCC_WARN_ABOUT_RETURN_TYPE = YES_ERROR;
				GCC_WARN_UNDECLARED_SELECTOR = YES;
				GCC_WARN_UNINITIALIZED_AUTOS = YES_AGGRESSIVE;
				GCC_WARN_UNUSED_FUNCTION = YES;
				GCC_WARN_UNUSED_VARIABLE = YES;
				HEADER_SEARCH_PATHS = "$(PROJECT_DIR)/../../src";
				IPHONEOS_DEPLOYMENT_TARGET = 12.2;
				MTL_ENABLE_DEBUG_INFO = NO;
				MTL_FAST_MATH = YES;
				SDKROOT = iphoneos;
				VALIDATE_PRODUCT = YES;
			};
			name = Release;
		};
		A58B32862310B0DF00E80ECB /* Debug */ = {
			isa = XCBuildConfiguration;
			buildSettings = {
				CLANG_CXX_LANGUAGE_STANDARD = "gnu++20";
				CODE_SIGN_STYLE = Automatic;
				IPHONEOS_DEPLOYMENT_TARGET = 12.4;
				OTHER_LDFLAGS = "-ObjC";
				PRODUCT_NAME = "$(TARGET_NAME)";
				SKIP_INSTALL = YES;
				TARGETED_DEVICE_FAMILY = "1,2";
			};
			name = Debug;
		};
		A58B32872310B0DF00E80ECB /* Release */ = {
			isa = XCBuildConfiguration;
			buildSettings = {
				CLANG_CXX_LANGUAGE_STANDARD = "gnu++20";
				CODE_SIGN_STYLE = Automatic;
				IPHONEOS_DEPLOYMENT_TARGET = 12.4;
				OTHER_LDFLAGS = "-ObjC";
				PRODUCT_NAME = "$(TARGET_NAME)";
				SKIP_INSTALL = YES;
				TARGETED_DEVICE_FAMILY = "1,2";
			};
			name = Release;
		};
/* End XCBuildConfiguration section */

/* Begin XCConfigurationList section */
		A53E4EB323063BFC000BB7D8 /* Build configuration list for PBXNativeTarget "DataCpp-macOS" */ = {
			isa = XCConfigurationList;
			buildConfigurations = (
				A53E4EB423063BFC000BB7D8 /* Debug */,
				A53E4EB523063BFC000BB7D8 /* Release */,
			);
			defaultConfigurationIsVisible = 0;
			defaultConfigurationName = Release;
		};
		A53E4EC62306411F000BB7D8 /* Build configuration list for PBXNativeTarget "DataCppTest-macOS" */ = {
			isa = XCConfigurationList;
			buildConfigurations = (
				A53E4EC72306411F000BB7D8 /* Debug */,
				A53E4EC82306411F000BB7D8 /* Release */,
			);
			defaultConfigurationIsVisible = 0;
			defaultConfigurationName = Release;
		};
		A578652323007C1C00CDC3E8 /* Build configuration list for PBXProject "DataCpp" */ = {
			isa = XCConfigurationList;
			buildConfigurations = (
				A578652F23007C1D00CDC3E8 /* Debug */,
				A578653023007C1D00CDC3E8 /* Release */,
			);
			defaultConfigurationIsVisible = 0;
			defaultConfigurationName = Release;
		};
		A58B32882310B0DF00E80ECB /* Build configuration list for PBXNativeTarget "DataCpp-iOS" */ = {
			isa = XCConfigurationList;
			buildConfigurations = (
				A58B32862310B0DF00E80ECB /* Debug */,
				A58B32872310B0DF00E80ECB /* Release */,
			);
			defaultConfigurationIsVisible = 0;
			defaultConfigurationName = Release;
		};
/* End XCConfigurationList section */
	};
	rootObject = A578652023007C1C00CDC3E8 /* Project object */;
}
